// !$*UTF8*$!
{
	archiveVersion = 1;
	classes = {
	};
	objectVersion = 56;
	objects = {

/* Begin PBXBuildFile section */
		A00CD73C2C60A20000C50F73 /* CryptexpApp.swift in Sources */ = {isa = PBXBuildFile; fileRef = A00CD73B2C60A20000C50F73 /* CryptexpApp.swift */; };
		A00CD7432C60A20200C50F73 /* Preview Assets.xcassets in Resources */ = {isa = PBXBuildFile; fileRef = A00CD7422C60A20200C50F73 /* Preview Assets.xcassets */; };
		A00CD74D2C60A20300C50F73 /* CryptexpTests.swift in Sources */ = {isa = PBXBuildFile; fileRef = A00CD74C2C60A20300C50F73 /* CryptexpTests.swift */; };
		A00CD7572C60A20300C50F73 /* CryptexpUITests.swift in Sources */ = {isa = PBXBuildFile; fileRef = A00CD7562C60A20300C50F73 /* CryptexpUITests.swift */; };
		A00CD7592C60A20300C50F73 /* CryptexpUITestsLaunchTests.swift in Sources */ = {isa = PBXBuildFile; fileRef = A00CD7582C60A20300C50F73 /* CryptexpUITestsLaunchTests.swift */; };
		A00CD7D72C60D71500C50F73 /* Color+Extensions.swift in Sources */ = {isa = PBXBuildFile; fileRef = A00CD7D62C60D71500C50F73 /* Color+Extensions.swift */; };
		A00CD7D92C60D89700C50F73 /* Assets.xcassets in Resources */ = {isa = PBXBuildFile; fileRef = A00CD7D82C60D89700C50F73 /* Assets.xcassets */; };
		A00CD7E32C60DC2000C50F73 /* CircleButtonView.swift in Sources */ = {isa = PBXBuildFile; fileRef = A00CD7E22C60DC2000C50F73 /* CircleButtonView.swift */; };
		A00CD7E52C60F2D700C50F73 /* CirculButtonAnimationView.swift in Sources */ = {isa = PBXBuildFile; fileRef = A00CD7E42C60F2D700C50F73 /* CirculButtonAnimationView.swift */; };
		A00CD7EA2C624E2000C50F73 /* CoinModel.swift in Sources */ = {isa = PBXBuildFile; fileRef = A00CD7E92C624E2000C50F73 /* CoinModel.swift */; };
		A00CD7EC2C62563B00C50F73 /* CoinRowView.swift in Sources */ = {isa = PBXBuildFile; fileRef = A00CD7EB2C62563B00C50F73 /* CoinRowView.swift */; };
		A00CD7EE2C6256B100C50F73 /* PreviewProvider.swift in Sources */ = {isa = PBXBuildFile; fileRef = A00CD7ED2C6256B100C50F73 /* PreviewProvider.swift */; };
		A00CD7F02C62594500C50F73 /* HomeView.swift in Sources */ = {isa = PBXBuildFile; fileRef = A00CD7EF2C62594500C50F73 /* HomeView.swift */; };
		A00CD7F22C625BCA00C50F73 /* OtherExtensions.swift in Sources */ = {isa = PBXBuildFile; fileRef = A00CD7F12C625BCA00C50F73 /* OtherExtensions.swift */; };
		A00CD7F42C63662400C50F73 /* HomeViewModel.swift in Sources */ = {isa = PBXBuildFile; fileRef = A00CD7F32C63662400C50F73 /* HomeViewModel.swift */; };
		A00CD7F72C636D9F00C50F73 /* NetworkService.swift in Sources */ = {isa = PBXBuildFile; fileRef = A00CD7F62C636D9F00C50F73 /* NetworkService.swift */; };
		A00CD7FA2C636DDF00C50F73 /* CoinDataService.swift in Sources */ = {isa = PBXBuildFile; fileRef = A00CD7F92C636DDF00C50F73 /* CoinDataService.swift */; };
/* End PBXBuildFile section */

/* Begin PBXContainerItemProxy section */
		A00CD7492C60A20300C50F73 /* PBXContainerItemProxy */ = {
			isa = PBXContainerItemProxy;
			containerPortal = A00CD7302C60A20000C50F73 /* Project object */;
			proxyType = 1;
			remoteGlobalIDString = A00CD7372C60A20000C50F73;
			remoteInfo = Cryptexp;
		};
		A00CD7532C60A20300C50F73 /* PBXContainerItemProxy */ = {
			isa = PBXContainerItemProxy;
			containerPortal = A00CD7302C60A20000C50F73 /* Project object */;
			proxyType = 1;
			remoteGlobalIDString = A00CD7372C60A20000C50F73;
			remoteInfo = Cryptexp;
		};
/* End PBXContainerItemProxy section */

/* Begin PBXFileReference section */
		A00CD7382C60A20000C50F73 /* Cryptexp.app */ = {isa = PBXFileReference; explicitFileType = wrapper.application; includeInIndex = 0; path = Cryptexp.app; sourceTree = BUILT_PRODUCTS_DIR; };
		A00CD73B2C60A20000C50F73 /* CryptexpApp.swift */ = {isa = PBXFileReference; lastKnownFileType = sourcecode.swift; path = CryptexpApp.swift; sourceTree = "<group>"; };
		A00CD7422C60A20200C50F73 /* Preview Assets.xcassets */ = {isa = PBXFileReference; lastKnownFileType = folder.assetcatalog; path = "Preview Assets.xcassets"; sourceTree = "<group>"; };
		A00CD7482C60A20300C50F73 /* CryptexpTests.xctest */ = {isa = PBXFileReference; explicitFileType = wrapper.cfbundle; includeInIndex = 0; path = CryptexpTests.xctest; sourceTree = BUILT_PRODUCTS_DIR; };
		A00CD74C2C60A20300C50F73 /* CryptexpTests.swift */ = {isa = PBXFileReference; lastKnownFileType = sourcecode.swift; path = CryptexpTests.swift; sourceTree = "<group>"; };
		A00CD7522C60A20300C50F73 /* CryptexpUITests.xctest */ = {isa = PBXFileReference; explicitFileType = wrapper.cfbundle; includeInIndex = 0; path = CryptexpUITests.xctest; sourceTree = BUILT_PRODUCTS_DIR; };
		A00CD7562C60A20300C50F73 /* CryptexpUITests.swift */ = {isa = PBXFileReference; lastKnownFileType = sourcecode.swift; path = CryptexpUITests.swift; sourceTree = "<group>"; };
		A00CD7582C60A20300C50F73 /* CryptexpUITestsLaunchTests.swift */ = {isa = PBXFileReference; lastKnownFileType = sourcecode.swift; path = CryptexpUITestsLaunchTests.swift; sourceTree = "<group>"; };
		A00CD7D62C60D71500C50F73 /* Color+Extensions.swift */ = {isa = PBXFileReference; lastKnownFileType = sourcecode.swift; path = "Color+Extensions.swift"; sourceTree = "<group>"; };
		A00CD7D82C60D89700C50F73 /* Assets.xcassets */ = {isa = PBXFileReference; lastKnownFileType = folder.assetcatalog; name = Assets.xcassets; path = ../../../../../Desktop/Resources/Assets.xcassets; sourceTree = "<group>"; };
		A00CD7E22C60DC2000C50F73 /* CircleButtonView.swift */ = {isa = PBXFileReference; lastKnownFileType = sourcecode.swift; path = CircleButtonView.swift; sourceTree = "<group>"; };
		A00CD7E42C60F2D700C50F73 /* CirculButtonAnimationView.swift */ = {isa = PBXFileReference; lastKnownFileType = sourcecode.swift; path = CirculButtonAnimationView.swift; sourceTree = "<group>"; };
		A00CD7E92C624E2000C50F73 /* CoinModel.swift */ = {isa = PBXFileReference; lastKnownFileType = sourcecode.swift; path = CoinModel.swift; sourceTree = "<group>"; };
		A00CD7EB2C62563B00C50F73 /* CoinRowView.swift */ = {isa = PBXFileReference; lastKnownFileType = sourcecode.swift; path = CoinRowView.swift; sourceTree = "<group>"; };
		A00CD7ED2C6256B100C50F73 /* PreviewProvider.swift */ = {isa = PBXFileReference; lastKnownFileType = sourcecode.swift; path = PreviewProvider.swift; sourceTree = "<group>"; };
		A00CD7EF2C62594500C50F73 /* HomeView.swift */ = {isa = PBXFileReference; lastKnownFileType = sourcecode.swift; path = HomeView.swift; sourceTree = "<group>"; };
		A00CD7F12C625BCA00C50F73 /* OtherExtensions.swift */ = {isa = PBXFileReference; lastKnownFileType = sourcecode.swift; path = OtherExtensions.swift; sourceTree = "<group>"; };
		A00CD7F32C63662400C50F73 /* HomeViewModel.swift */ = {isa = PBXFileReference; lastKnownFileType = sourcecode.swift; path = HomeViewModel.swift; sourceTree = "<group>"; };
		A00CD7F62C636D9F00C50F73 /* NetworkService.swift */ = {isa = PBXFileReference; lastKnownFileType = sourcecode.swift; path = NetworkService.swift; sourceTree = "<group>"; };
		A00CD7F92C636DDF00C50F73 /* CoinDataService.swift */ = {isa = PBXFileReference; lastKnownFileType = sourcecode.swift; path = CoinDataService.swift; sourceTree = "<group>"; };
/* End PBXFileReference section */

/* Begin PBXFrameworksBuildPhase section */
		A00CD7352C60A20000C50F73 /* Frameworks */ = {
			isa = PBXFrameworksBuildPhase;
			buildActionMask = 2147483647;
			files = (
			);
			runOnlyForDeploymentPostprocessing = 0;
		};
		A00CD7452C60A20300C50F73 /* Frameworks */ = {
			isa = PBXFrameworksBuildPhase;
			buildActionMask = 2147483647;
			files = (
			);
			runOnlyForDeploymentPostprocessing = 0;
		};
		A00CD74F2C60A20300C50F73 /* Frameworks */ = {
			isa = PBXFrameworksBuildPhase;
			buildActionMask = 2147483647;
			files = (
			);
			runOnlyForDeploymentPostprocessing = 0;
		};
/* End PBXFrameworksBuildPhase section */

/* Begin PBXGroup section */
		A00CD72F2C60A20000C50F73 = {
			isa = PBXGroup;
			children = (
				A00CD73A2C60A20000C50F73 /* Cryptexp */,
				A00CD74B2C60A20300C50F73 /* CryptexpTests */,
				A00CD7552C60A20300C50F73 /* CryptexpUITests */,
				A00CD7392C60A20000C50F73 /* Products */,
			);
			sourceTree = "<group>";
		};
		A00CD7392C60A20000C50F73 /* Products */ = {
			isa = PBXGroup;
			children = (
				A00CD7382C60A20000C50F73 /* Cryptexp.app */,
				A00CD7482C60A20300C50F73 /* CryptexpTests.xctest */,
				A00CD7522C60A20300C50F73 /* CryptexpUITests.xctest */,
			);
			name = Products;
			sourceTree = "<group>";
		};
		A00CD73A2C60A20000C50F73 /* Cryptexp */ = {
			isa = PBXGroup;
			children = (
				A00CD7F82C636DC000C50F73 /* Services */,
				A00CD7F52C636D8100C50F73 /* NetworkLayer */,
				A00CD7E82C624E0E00C50F73 /* Models */,
				A00CD7DA2C60D9DC00C50F73 /* Core */,
				A00CD7D52C60D6FF00C50F73 /* Extensions */,
				A00CD73B2C60A20000C50F73 /* CryptexpApp.swift */,
				A00CD7D82C60D89700C50F73 /* Assets.xcassets */,
				A00CD7412C60A20200C50F73 /* Preview Content */,
			);
			path = Cryptexp;
			sourceTree = "<group>";
		};
		A00CD7412C60A20200C50F73 /* Preview Content */ = {
			isa = PBXGroup;
			children = (
				A00CD7422C60A20200C50F73 /* Preview Assets.xcassets */,
			);
			path = "Preview Content";
			sourceTree = "<group>";
		};
		A00CD74B2C60A20300C50F73 /* CryptexpTests */ = {
			isa = PBXGroup;
			children = (
				A00CD74C2C60A20300C50F73 /* CryptexpTests.swift */,
			);
			path = CryptexpTests;
			sourceTree = "<group>";
		};
		A00CD7552C60A20300C50F73 /* CryptexpUITests */ = {
			isa = PBXGroup;
			children = (
				A00CD7562C60A20300C50F73 /* CryptexpUITests.swift */,
				A00CD7582C60A20300C50F73 /* CryptexpUITestsLaunchTests.swift */,
			);
			path = CryptexpUITests;
			sourceTree = "<group>";
		};
		A00CD7D52C60D6FF00C50F73 /* Extensions */ = {
			isa = PBXGroup;
			children = (
				A00CD7D62C60D71500C50F73 /* Color+Extensions.swift */,
				A00CD7ED2C6256B100C50F73 /* PreviewProvider.swift */,
				A00CD7F12C625BCA00C50F73 /* OtherExtensions.swift */,
			);
			path = Extensions;
			sourceTree = "<group>";
		};
		A00CD7DA2C60D9DC00C50F73 /* Core */ = {
			isa = PBXGroup;
			children = (
				A00CD7E02C60DBF900C50F73 /* Components */,
				A00CD7DB2C60D9E300C50F73 /* Home */,
			);
			path = Core;
			sourceTree = "<group>";
		};
		A00CD7DB2C60D9E300C50F73 /* Home */ = {
			isa = PBXGroup;
			children = (
				A00CD7DD2C60D9FB00C50F73 /* ViewModels */,
				A00CD7DC2C60D9F400C50F73 /* Views */,
			);
			path = Home;
			sourceTree = "<group>";
		};
		A00CD7DC2C60D9F400C50F73 /* Views */ = {
			isa = PBXGroup;
			children = (
				A00CD7EF2C62594500C50F73 /* HomeView.swift */,
				A00CD7EB2C62563B00C50F73 /* CoinRowView.swift */,
			);
			path = Views;
			sourceTree = "<group>";
		};
		A00CD7DD2C60D9FB00C50F73 /* ViewModels */ = {
			isa = PBXGroup;
			children = (
				A00CD7F32C63662400C50F73 /* HomeViewModel.swift */,
			);
			path = ViewModels;
			sourceTree = "<group>";
		};
		A00CD7E02C60DBF900C50F73 /* Components */ = {
			isa = PBXGroup;
			children = (
				A00CD7E12C60DC0700C50F73 /* Buttons */,
			);
			path = Components;
			sourceTree = "<group>";
		};
		A00CD7E12C60DC0700C50F73 /* Buttons */ = {
			isa = PBXGroup;
			children = (
				A00CD7E22C60DC2000C50F73 /* CircleButtonView.swift */,
				A00CD7E42C60F2D700C50F73 /* CirculButtonAnimationView.swift */,
			);
			path = Buttons;
			sourceTree = "<group>";
		};
		A00CD7E82C624E0E00C50F73 /* Models */ = {
			isa = PBXGroup;
			children = (
				A00CD7E92C624E2000C50F73 /* CoinModel.swift */,
			);
			path = Models;
			sourceTree = "<group>";
		};
		A00CD7F52C636D8100C50F73 /* NetworkLayer */ = {
			isa = PBXGroup;
			children = (
				A00CD7F62C636D9F00C50F73 /* NetworkService.swift */,
			);
			path = NetworkLayer;
			sourceTree = "<group>";
		};
		A00CD7F82C636DC000C50F73 /* Services */ = {
			isa = PBXGroup;
			children = (
				A00CD7F92C636DDF00C50F73 /* CoinDataService.swift */,
			);
			path = Services;
			sourceTree = "<group>";
		};
/* End PBXGroup section */

/* Begin PBXNativeTarget section */
		A00CD7372C60A20000C50F73 /* Cryptexp */ = {
			isa = PBXNativeTarget;
			buildConfigurationList = A00CD75C2C60A20300C50F73 /* Build configuration list for PBXNativeTarget "Cryptexp" */;
			buildPhases = (
				A00CD7342C60A20000C50F73 /* Sources */,
				A00CD7352C60A20000C50F73 /* Frameworks */,
				A00CD7362C60A20000C50F73 /* Resources */,
			);
			buildRules = (
			);
			dependencies = (
			);
			name = Cryptexp;
			productName = Cryptexp;
			productReference = A00CD7382C60A20000C50F73 /* Cryptexp.app */;
			productType = "com.apple.product-type.application";
		};
		A00CD7472C60A20300C50F73 /* CryptexpTests */ = {
			isa = PBXNativeTarget;
			buildConfigurationList = A00CD75F2C60A20300C50F73 /* Build configuration list for PBXNativeTarget "CryptexpTests" */;
			buildPhases = (
				A00CD7442C60A20300C50F73 /* Sources */,
				A00CD7452C60A20300C50F73 /* Frameworks */,
				A00CD7462C60A20300C50F73 /* Resources */,
			);
			buildRules = (
			);
			dependencies = (
				A00CD74A2C60A20300C50F73 /* PBXTargetDependency */,
			);
			name = CryptexpTests;
			productName = CryptexpTests;
			productReference = A00CD7482C60A20300C50F73 /* CryptexpTests.xctest */;
			productType = "com.apple.product-type.bundle.unit-test";
		};
		A00CD7512C60A20300C50F73 /* CryptexpUITests */ = {
			isa = PBXNativeTarget;
			buildConfigurationList = A00CD7622C60A20300C50F73 /* Build configuration list for PBXNativeTarget "CryptexpUITests" */;
			buildPhases = (
				A00CD74E2C60A20300C50F73 /* Sources */,
				A00CD74F2C60A20300C50F73 /* Frameworks */,
				A00CD7502C60A20300C50F73 /* Resources */,
			);
			buildRules = (
			);
			dependencies = (
				A00CD7542C60A20300C50F73 /* PBXTargetDependency */,
			);
			name = CryptexpUITests;
			productName = CryptexpUITests;
			productReference = A00CD7522C60A20300C50F73 /* CryptexpUITests.xctest */;
			productType = "com.apple.product-type.bundle.ui-testing";
		};
/* End PBXNativeTarget section */

/* Begin PBXProject section */
		A00CD7302C60A20000C50F73 /* Project object */ = {
			isa = PBXProject;
			attributes = {
				BuildIndependentTargetsInParallel = 1;
				LastSwiftUpdateCheck = 1540;
				LastUpgradeCheck = 1540;
				TargetAttributes = {
					A00CD7372C60A20000C50F73 = {
						CreatedOnToolsVersion = 15.4;
					};
					A00CD7472C60A20300C50F73 = {
						CreatedOnToolsVersion = 15.4;
						TestTargetID = A00CD7372C60A20000C50F73;
					};
					A00CD7512C60A20300C50F73 = {
						CreatedOnToolsVersion = 15.4;
						TestTargetID = A00CD7372C60A20000C50F73;
					};
				};
			};
			buildConfigurationList = A00CD7332C60A20000C50F73 /* Build configuration list for PBXProject "Cryptexp" */;
			compatibilityVersion = "Xcode 14.0";
			developmentRegion = en;
			hasScannedForEncodings = 0;
			knownRegions = (
				en,
				Base,
			);
			mainGroup = A00CD72F2C60A20000C50F73;
			productRefGroup = A00CD7392C60A20000C50F73 /* Products */;
			projectDirPath = "";
			projectRoot = "";
			targets = (
				A00CD7372C60A20000C50F73 /* Cryptexp */,
				A00CD7472C60A20300C50F73 /* CryptexpTests */,
				A00CD7512C60A20300C50F73 /* CryptexpUITests */,
			);
		};
/* End PBXProject section */

/* Begin PBXResourcesBuildPhase section */
		A00CD7362C60A20000C50F73 /* Resources */ = {
			isa = PBXResourcesBuildPhase;
			buildActionMask = 2147483647;
			files = (
				A00CD7D92C60D89700C50F73 /* Assets.xcassets in Resources */,
				A00CD7432C60A20200C50F73 /* Preview Assets.xcassets in Resources */,
			);
			runOnlyForDeploymentPostprocessing = 0;
		};
		A00CD7462C60A20300C50F73 /* Resources */ = {
			isa = PBXResourcesBuildPhase;
			buildActionMask = 2147483647;
			files = (
			);
			runOnlyForDeploymentPostprocessing = 0;
		};
		A00CD7502C60A20300C50F73 /* Resources */ = {
			isa = PBXResourcesBuildPhase;
			buildActionMask = 2147483647;
			files = (
			);
			runOnlyForDeploymentPostprocessing = 0;
		};
/* End PBXResourcesBuildPhase section */

/* Begin PBXSourcesBuildPhase section */
		A00CD7342C60A20000C50F73 /* Sources */ = {
			isa = PBXSourcesBuildPhase;
			buildActionMask = 2147483647;
			files = (
				A00CD7FA2C636DDF00C50F73 /* CoinDataService.swift in Sources */,
				A00CD7F72C636D9F00C50F73 /* NetworkService.swift in Sources */,
				A00CD73C2C60A20000C50F73 /* CryptexpApp.swift in Sources */,
				A00CD7E52C60F2D700C50F73 /* CirculButtonAnimationView.swift in Sources */,
				A00CD7E32C60DC2000C50F73 /* CircleButtonView.swift in Sources */,
				A00CD7F42C63662400C50F73 /* HomeViewModel.swift in Sources */,
				A00CD7F22C625BCA00C50F73 /* OtherExtensions.swift in Sources */,
				A00CD7EA2C624E2000C50F73 /* CoinModel.swift in Sources */,
				A00CD7EE2C6256B100C50F73 /* PreviewProvider.swift in Sources */,
				A00CD7F02C62594500C50F73 /* HomeView.swift in Sources */,
				A00CD7EC2C62563B00C50F73 /* CoinRowView.swift in Sources */,
				A00CD7D72C60D71500C50F73 /* Color+Extensions.swift in Sources */,
			);
			runOnlyForDeploymentPostprocessing = 0;
		};
		A00CD7442C60A20300C50F73 /* Sources */ = {
			isa = PBXSourcesBuildPhase;
			buildActionMask = 2147483647;
			files = (
				A00CD74D2C60A20300C50F73 /* CryptexpTests.swift in Sources */,
			);
			runOnlyForDeploymentPostprocessing = 0;
		};
		A00CD74E2C60A20300C50F73 /* Sources */ = {
			isa = PBXSourcesBuildPhase;
			buildActionMask = 2147483647;
			files = (
				A00CD7592C60A20300C50F73 /* CryptexpUITestsLaunchTests.swift in Sources */,
				A00CD7572C60A20300C50F73 /* CryptexpUITests.swift in Sources */,
			);
			runOnlyForDeploymentPostprocessing = 0;
		};
/* End PBXSourcesBuildPhase section */

/* Begin PBXTargetDependency section */
		A00CD74A2C60A20300C50F73 /* PBXTargetDependency */ = {
			isa = PBXTargetDependency;
			target = A00CD7372C60A20000C50F73 /* Cryptexp */;
			targetProxy = A00CD7492C60A20300C50F73 /* PBXContainerItemProxy */;
		};
		A00CD7542C60A20300C50F73 /* PBXTargetDependency */ = {
			isa = PBXTargetDependency;
			target = A00CD7372C60A20000C50F73 /* Cryptexp */;
			targetProxy = A00CD7532C60A20300C50F73 /* PBXContainerItemProxy */;
		};
/* End PBXTargetDependency section */

/* Begin XCBuildConfiguration section */
		A00CD75A2C60A20300C50F73 /* Debug */ = {
			isa = XCBuildConfiguration;
			buildSettings = {
				ALWAYS_SEARCH_USER_PATHS = NO;
				ASSETCATALOG_COMPILER_GENERATE_SWIFT_ASSET_SYMBOL_EXTENSIONS = YES;
				CLANG_ANALYZER_NONNULL = YES;
				CLANG_ANALYZER_NUMBER_OBJECT_CONVERSION = YES_AGGRESSIVE;
				CLANG_CXX_LANGUAGE_STANDARD = "gnu++20";
				CLANG_ENABLE_MODULES = YES;
				CLANG_ENABLE_OBJC_ARC = YES;
				CLANG_ENABLE_OBJC_WEAK = YES;
				CLANG_WARN_BLOCK_CAPTURE_AUTORELEASING = YES;
				CLANG_WARN_BOOL_CONVERSION = YES;
				CLANG_WARN_COMMA = YES;
				CLANG_WARN_CONSTANT_CONVERSION = YES;
				CLANG_WARN_DEPRECATED_OBJC_IMPLEMENTATIONS = YES;
				CLANG_WARN_DIRECT_OBJC_ISA_USAGE = YES_ERROR;
				CLANG_WARN_DOCUMENTATION_COMMENTS = YES;
				CLANG_WARN_EMPTY_BODY = YES;
				CLANG_WARN_ENUM_CONVERSION = YES;
				CLANG_WARN_INFINITE_RECURSION = YES;
				CLANG_WARN_INT_CONVERSION = YES;
				CLANG_WARN_NON_LITERAL_NULL_CONVERSION = YES;
				CLANG_WARN_OBJC_IMPLICIT_RETAIN_SELF = YES;
				CLANG_WARN_OBJC_LITERAL_CONVERSION = YES;
				CLANG_WARN_OBJC_ROOT_CLASS = YES_ERROR;
				CLANG_WARN_QUOTED_INCLUDE_IN_FRAMEWORK_HEADER = YES;
				CLANG_WARN_RANGE_LOOP_ANALYSIS = YES;
				CLANG_WARN_STRICT_PROTOTYPES = YES;
				CLANG_WARN_SUSPICIOUS_MOVE = YES;
				CLANG_WARN_UNGUARDED_AVAILABILITY = YES_AGGRESSIVE;
				CLANG_WARN_UNREACHABLE_CODE = YES;
				CLANG_WARN__DUPLICATE_METHOD_MATCH = YES;
				COPY_PHASE_STRIP = NO;
				DEBUG_INFORMATION_FORMAT = dwarf;
				ENABLE_STRICT_OBJC_MSGSEND = YES;
				ENABLE_TESTABILITY = YES;
				ENABLE_USER_SCRIPT_SANDBOXING = YES;
				GCC_C_LANGUAGE_STANDARD = gnu17;
				GCC_DYNAMIC_NO_PIC = NO;
				GCC_NO_COMMON_BLOCKS = YES;
				GCC_OPTIMIZATION_LEVEL = 0;
				GCC_PREPROCESSOR_DEFINITIONS = (
					"DEBUG=1",
					"$(inherited)",
				);
				GCC_WARN_64_TO_32_BIT_CONVERSION = YES;
				GCC_WARN_ABOUT_RETURN_TYPE = YES_ERROR;
				GCC_WARN_UNDECLARED_SELECTOR = YES;
				GCC_WARN_UNINITIALIZED_AUTOS = YES_AGGRESSIVE;
				GCC_WARN_UNUSED_FUNCTION = YES;
				GCC_WARN_UNUSED_VARIABLE = YES;
				IPHONEOS_DEPLOYMENT_TARGET = 17.5;
				LOCALIZATION_PREFERS_STRING_CATALOGS = YES;
				MTL_ENABLE_DEBUG_INFO = INCLUDE_SOURCE;
				MTL_FAST_MATH = YES;
				ONLY_ACTIVE_ARCH = YES;
				SDKROOT = iphoneos;
				SWIFT_ACTIVE_COMPILATION_CONDITIONS = "DEBUG $(inherited)";
				SWIFT_OPTIMIZATION_LEVEL = "-Onone";
			};
			name = Debug;
		};
		A00CD75B2C60A20300C50F73 /* Release */ = {
			isa = XCBuildConfiguration;
			buildSettings = {
				ALWAYS_SEARCH_USER_PATHS = NO;
				ASSETCATALOG_COMPILER_GENERATE_SWIFT_ASSET_SYMBOL_EXTENSIONS = YES;
				CLANG_ANALYZER_NONNULL = YES;
				CLANG_ANALYZER_NUMBER_OBJECT_CONVERSION = YES_AGGRESSIVE;
				CLANG_CXX_LANGUAGE_STANDARD = "gnu++20";
				CLANG_ENABLE_MODULES = YES;
				CLANG_ENABLE_OBJC_ARC = YES;
				CLANG_ENABLE_OBJC_WEAK = YES;
				CLANG_WARN_BLOCK_CAPTURE_AUTORELEASING = YES;
				CLANG_WARN_BOOL_CONVERSION = YES;
				CLANG_WARN_COMMA = YES;
				CLANG_WARN_CONSTANT_CONVERSION = YES;
				CLANG_WARN_DEPRECATED_OBJC_IMPLEMENTATIONS = YES;
				CLANG_WARN_DIRECT_OBJC_ISA_USAGE = YES_ERROR;
				CLANG_WARN_DOCUMENTATION_COMMENTS = YES;
				CLANG_WARN_EMPTY_BODY = YES;
				CLANG_WARN_ENUM_CONVERSION = YES;
				CLANG_WARN_INFINITE_RECURSION = YES;
				CLANG_WARN_INT_CONVERSION = YES;
				CLANG_WARN_NON_LITERAL_NULL_CONVERSION = YES;
				CLANG_WARN_OBJC_IMPLICIT_RETAIN_SELF = YES;
				CLANG_WARN_OBJC_LITERAL_CONVERSION = YES;
				CLANG_WARN_OBJC_ROOT_CLASS = YES_ERROR;
				CLANG_WARN_QUOTED_INCLUDE_IN_FRAMEWORK_HEADER = YES;
				CLANG_WARN_RANGE_LOOP_ANALYSIS = YES;
				CLANG_WARN_STRICT_PROTOTYPES = YES;
				CLANG_WARN_SUSPICIOUS_MOVE = YES;
				CLANG_WARN_UNGUARDED_AVAILABILITY = YES_AGGRESSIVE;
				CLANG_WARN_UNREACHABLE_CODE = YES;
				CLANG_WARN__DUPLICATE_METHOD_MATCH = YES;
				COPY_PHASE_STRIP = NO;
				DEBUG_INFORMATION_FORMAT = "dwarf-with-dsym";
				ENABLE_NS_ASSERTIONS = NO;
				ENABLE_STRICT_OBJC_MSGSEND = YES;
				ENABLE_USER_SCRIPT_SANDBOXING = YES;
				GCC_C_LANGUAGE_STANDARD = gnu17;
				GCC_NO_COMMON_BLOCKS = YES;
				GCC_WARN_64_TO_32_BIT_CONVERSION = YES;
				GCC_WARN_ABOUT_RETURN_TYPE = YES_ERROR;
				GCC_WARN_UNDECLARED_SELECTOR = YES;
				GCC_WARN_UNINITIALIZED_AUTOS = YES_AGGRESSIVE;
				GCC_WARN_UNUSED_FUNCTION = YES;
				GCC_WARN_UNUSED_VARIABLE = YES;
				IPHONEOS_DEPLOYMENT_TARGET = 17.5;
				LOCALIZATION_PREFERS_STRING_CATALOGS = YES;
				MTL_ENABLE_DEBUG_INFO = NO;
				MTL_FAST_MATH = YES;
				SDKROOT = iphoneos;
				SWIFT_COMPILATION_MODE = wholemodule;
				VALIDATE_PRODUCT = YES;
			};
			name = Release;
		};
		A00CD75D2C60A20300C50F73 /* Debug */ = {
			isa = XCBuildConfiguration;
			buildSettings = {
				ASSETCATALOG_COMPILER_APPICON_NAME = AppIcon;
				ASSETCATALOG_COMPILER_GLOBAL_ACCENT_COLOR_NAME = AccentColor;
				CODE_SIGN_STYLE = Automatic;
				CURRENT_PROJECT_VERSION = 1;
				DEVELOPMENT_ASSET_PATHS = "\"Cryptexp/Preview Content\"";
				DEVELOPMENT_TEAM = B8GS4783WX;
				ENABLE_PREVIEWS = YES;
				GENERATE_INFOPLIST_FILE = YES;
				INFOPLIST_KEY_UIApplicationSceneManifest_Generation = YES;
				INFOPLIST_KEY_UIApplicationSupportsIndirectInputEvents = YES;
				INFOPLIST_KEY_UILaunchScreen_Generation = YES;
				INFOPLIST_KEY_UISupportedInterfaceOrientations = UIInterfaceOrientationPortrait;
				INFOPLIST_KEY_UISupportedInterfaceOrientations_iPad = "UIInterfaceOrientationLandscapeLeft UIInterfaceOrientationLandscapeRight UIInterfaceOrientationPortrait UIInterfaceOrientationPortraitUpsideDown";
				LD_RUNPATH_SEARCH_PATHS = (
					"$(inherited)",
					"@executable_path/Frameworks",
				);
				MARKETING_VERSION = 1.0;
				PRODUCT_BUNDLE_IDENTIFIER = personal.Cryptexp;
				PRODUCT_NAME = "$(TARGET_NAME)";
				SUPPORTED_PLATFORMS = "iphoneos iphonesimulator";
				SUPPORTS_MACCATALYST = NO;
				SUPPORTS_MAC_DESIGNED_FOR_IPHONE_IPAD = NO;
				SUPPORTS_XR_DESIGNED_FOR_IPHONE_IPAD = NO;
				SWIFT_EMIT_LOC_STRINGS = YES;
				SWIFT_VERSION = 5.0;
				TARGETED_DEVICE_FAMILY = 1;
			};
			name = Debug;
		};
		A00CD75E2C60A20300C50F73 /* Release */ = {
			isa = XCBuildConfiguration;
			buildSettings = {
				ASSETCATALOG_COMPILER_APPICON_NAME = AppIcon;
				ASSETCATALOG_COMPILER_GLOBAL_ACCENT_COLOR_NAME = AccentColor;
				CODE_SIGN_STYLE = Automatic;
				CURRENT_PROJECT_VERSION = 1;
				DEVELOPMENT_ASSET_PATHS = "\"Cryptexp/Preview Content\"";
				DEVELOPMENT_TEAM = B8GS4783WX;
				ENABLE_PREVIEWS = YES;
				GENERATE_INFOPLIST_FILE = YES;
				INFOPLIST_KEY_UIApplicationSceneManifest_Generation = YES;
				INFOPLIST_KEY_UIApplicationSupportsIndirectInputEvents = YES;
				INFOPLIST_KEY_UILaunchScreen_Generation = YES;
				INFOPLIST_KEY_UISupportedInterfaceOrientations = UIInterfaceOrientationPortrait;
				INFOPLIST_KEY_UISupportedInterfaceOrientations_iPad = "UIInterfaceOrientationLandscapeLeft UIInterfaceOrientationLandscapeRight UIInterfaceOrientationPortrait UIInterfaceOrientationPortraitUpsideDown";
				LD_RUNPATH_SEARCH_PATHS = (
					"$(inherited)",
					"@executable_path/Frameworks",
				);
				MARKETING_VERSION = 1.0;
				PRODUCT_BUNDLE_IDENTIFIER = personal.Cryptexp;
				PRODUCT_NAME = "$(TARGET_NAME)";
				SUPPORTED_PLATFORMS = "iphoneos iphonesimulator";
				SUPPORTS_MACCATALYST = NO;
				SUPPORTS_MAC_DESIGNED_FOR_IPHONE_IPAD = NO;
				SUPPORTS_XR_DESIGNED_FOR_IPHONE_IPAD = NO;
				SWIFT_EMIT_LOC_STRINGS = YES;
				SWIFT_VERSION = 5.0;
				TARGETED_DEVICE_FAMILY = 1;
			};
			name = Release;
		};
		A00CD7602C60A20300C50F73 /* Debug */ = {
			isa = XCBuildConfiguration;
			buildSettings = {
				ALWAYS_EMBED_SWIFT_STANDARD_LIBRARIES = YES;
				BUNDLE_LOADER = "$(TEST_HOST)";
				CODE_SIGN_STYLE = Automatic;
				CURRENT_PROJECT_VERSION = 1;
				GENERATE_INFOPLIST_FILE = YES;
				IPHONEOS_DEPLOYMENT_TARGET = 17.5;
				MARKETING_VERSION = 1.0;
				PRODUCT_BUNDLE_IDENTIFIER = personal.CryptexpTests;
				PRODUCT_NAME = "$(TARGET_NAME)";
				SWIFT_EMIT_LOC_STRINGS = NO;
				SWIFT_VERSION = 5.0;
				TARGETED_DEVICE_FAMILY = "1,2";
				TEST_HOST = "$(BUILT_PRODUCTS_DIR)/Cryptexp.app/$(BUNDLE_EXECUTABLE_FOLDER_PATH)/Cryptexp";
			};
			name = Debug;
		};
		A00CD7612C60A20300C50F73 /* Release */ = {
			isa = XCBuildConfiguration;
			buildSettings = {
				ALWAYS_EMBED_SWIFT_STANDARD_LIBRARIES = YES;
				BUNDLE_LOADER = "$(TEST_HOST)";
				CODE_SIGN_STYLE = Automatic;
				CURRENT_PROJECT_VERSION = 1;
				GENERATE_INFOPLIST_FILE = YES;
				IPHONEOS_DEPLOYMENT_TARGET = 17.5;
				MARKETING_VERSION = 1.0;
				PRODUCT_BUNDLE_IDENTIFIER = personal.CryptexpTests;
				PRODUCT_NAME = "$(TARGET_NAME)";
				SWIFT_EMIT_LOC_STRINGS = NO;
				SWIFT_VERSION = 5.0;
				TARGETED_DEVICE_FAMILY = "1,2";
				TEST_HOST = "$(BUILT_PRODUCTS_DIR)/Cryptexp.app/$(BUNDLE_EXECUTABLE_FOLDER_PATH)/Cryptexp";
			};
			name = Release;
		};
		A00CD7632C60A20300C50F73 /* Debug */ = {
			isa = XCBuildConfiguration;
			buildSettings = {
				ALWAYS_EMBED_SWIFT_STANDARD_LIBRARIES = YES;
				CODE_SIGN_STYLE = Automatic;
				CURRENT_PROJECT_VERSION = 1;
				GENERATE_INFOPLIST_FILE = YES;
				MARKETING_VERSION = 1.0;
				PRODUCT_BUNDLE_IDENTIFIER = personal.CryptexpUITests;
				PRODUCT_NAME = "$(TARGET_NAME)";
				SWIFT_EMIT_LOC_STRINGS = NO;
				SWIFT_VERSION = 5.0;
				TARGETED_DEVICE_FAMILY = "1,2";
				TEST_TARGET_NAME = Cryptexp;
			};
			name = Debug;
		};
		A00CD7642C60A20300C50F73 /* Release */ = {
			isa = XCBuildConfiguration;
			buildSettings = {
				ALWAYS_EMBED_SWIFT_STANDARD_LIBRARIES = YES;
				CODE_SIGN_STYLE = Automatic;
				CURRENT_PROJECT_VERSION = 1;
				GENERATE_INFOPLIST_FILE = YES;
				MARKETING_VERSION = 1.0;
				PRODUCT_BUNDLE_IDENTIFIER = personal.CryptexpUITests;
				PRODUCT_NAME = "$(TARGET_NAME)";
				SWIFT_EMIT_LOC_STRINGS = NO;
				SWIFT_VERSION = 5.0;
				TARGETED_DEVICE_FAMILY = "1,2";
				TEST_TARGET_NAME = Cryptexp;
			};
			name = Release;
		};
/* End XCBuildConfiguration section */

/* Begin XCConfigurationList section */
		A00CD7332C60A20000C50F73 /* Build configuration list for PBXProject "Cryptexp" */ = {
			isa = XCConfigurationList;
			buildConfigurations = (
				A00CD75A2C60A20300C50F73 /* Debug */,
				A00CD75B2C60A20300C50F73 /* Release */,
			);
			defaultConfigurationIsVisible = 0;
			defaultConfigurationName = Release;
		};
		A00CD75C2C60A20300C50F73 /* Build configuration list for PBXNativeTarget "Cryptexp" */ = {
			isa = XCConfigurationList;
			buildConfigurations = (
				A00CD75D2C60A20300C50F73 /* Debug */,
				A00CD75E2C60A20300C50F73 /* Release */,
			);
			defaultConfigurationIsVisible = 0;
			defaultConfigurationName = Release;
		};
		A00CD75F2C60A20300C50F73 /* Build configuration list for PBXNativeTarget "CryptexpTests" */ = {
			isa = XCConfigurationList;
			buildConfigurations = (
				A00CD7602C60A20300C50F73 /* Debug */,
				A00CD7612C60A20300C50F73 /* Release */,
			);
			defaultConfigurationIsVisible = 0;
			defaultConfigurationName = Release;
		};
		A00CD7622C60A20300C50F73 /* Build configuration list for PBXNativeTarget "CryptexpUITests" */ = {
			isa = XCConfigurationList;
			buildConfigurations = (
				A00CD7632C60A20300C50F73 /* Debug */,
				A00CD7642C60A20300C50F73 /* Release */,
			);
			defaultConfigurationIsVisible = 0;
			defaultConfigurationName = Release;
		};
/* End XCConfigurationList section */
	};
	rootObject = A00CD7302C60A20000C50F73 /* Project object */;
}
